GEM
  remote: http://rubygems.org/
  specs:
    actionmailer (1.3.6)
      actionpack (= 1.13.6)
    actionpack (1.13.6)
      activesupport (= 1.4.4)
    actionwebservice (1.2.6)
      actionpack (= 1.13.6)
      activerecord (= 1.15.6)
    activerecord (1.15.6)
      activesupport (= 1.4.4)
    activesupport (1.4.4)
    git (1.2.5)
    jeweler (1.8.4)
      bundler (~> 1.0)
      git (>= 1.2.5)
      rake
      rdoc
    json (1.7.6)
    json (1.7.6-java)
    rails (1.2.6)
      actionmailer (= 1.3.6)
      actionpack (= 1.13.6)
      actionwebservice (= 1.2.6)
      activerecord (= 1.15.6)
      activesupport (= 1.4.4)
      rake (>= 0.7.2)
    rake (10.0.3)
    rdoc (3.12)
      json (~> 1.4)
    shoulda (2.11.3)
    sqlite3 (1.3.7)

PLATFORMS
  java
  ruby

DEPENDENCIES
  jeweler (~> 1.8.4)
  rails (~> 1.2.6)
  shoulda (~> 2.11.0)
  sqlite3 (~> 1.3.7)
